
Microsoft Visual Studio Solution File, Format Version 12.00
# Visual Studio 14
VisualStudioVersion = 14.0.24720.0
MinimumVisualStudioVersion = 10.0.40219.1
Project("{FAE04EC0-301F-11D3-BF4B-00C04F79EFBC}") = "MyWebApi", "MyWebApi\MyWebApi.csproj", "{299FFBAB-4AD6-4859-B058-4C42B7326925}"
EndProject
Project("{FAE04EC0-301F-11D3-BF4B-00C04F79EFBC}") = "MyWebApi.Tests", "MyWebApi.Tests\MyWebApi.Tests.csproj", "{27472904-9CBC-4A57-8D0A-648B7009FDC3}"
EndProject
Global
	GlobalSection(SolutionConfigurationPlatforms) = preSolution
		Debug|Any CPU = Debug|Any CPU
		Release|Any CPU = Release|Any CPU
	EndGlobalSection
	GlobalSection(ProjectConfigurationPlatforms) = postSolution
		{299FFBAB-4AD6-4859-B058-4C42B7326925}.Debug|Any CPU.ActiveCfg = Debug|Any CPU
		{299FFBAB-4AD6-4859-B058-4C42B7326925}.Debug|Any CPU.Build.0 = Debug|Any CPU
		{299FFBAB-4AD6-4859-B058-4C42B7326925}.Release|Any CPU.ActiveCfg = Release|Any CPU
		{299FFBAB-4AD6-4859-B058-4C42B7326925}.Release|Any CPU.Build.0 = Release|Any CPU
		{27472904-9CBC-4A57-8D0A-648B7009FDC3}.Debug|Any CPU.ActiveCfg = Debug|Any CPU
		{27472904-9CBC-4A57-8D0A-648B7009FDC3}.Debug|Any CPU.Build.0 = Debug|Any CPU
		{27472904-9CBC-4A57-8D0A-648B7009FDC3}.Release|Any CPU.ActiveCfg = Release|Any CPU
		{27472904-9CBC-4A57-8D0A-648B7009FDC3}.Release|Any CPU.Build.0 = Release|Any CPU
	EndGlobalSection
	GlobalSection(SolutionProperties) = preSolution
		HideSolutionNode = FALSE
	EndGlobalSection
EndGlobal
